// !$*UTF8*$!
{
	archiveVersion = 1;
	classes = {
	};
	objectVersion = 46;
	objects = {

/* Begin PBXBuildFile section */
		A27CAB011B03AF50002C6D8D /* wifi1.pdf in Resources */ = {isa = PBXBuildFile; fileRef = A27CAAFE1B03AF50002C6D8D /* wifi1.pdf */; };
		A27CAB021B03AF50002C6D8D /* wifi2.pdf in Resources */ = {isa = PBXBuildFile; fileRef = A27CAAFF1B03AF50002C6D8D /* wifi2.pdf */; };
		A27CAB031B03AF50002C6D8D /* wifi3.pdf in Resources */ = {isa = PBXBuildFile; fileRef = A27CAB001B03AF50002C6D8D /* wifi3.pdf */; };
		FB6888DF1A5B3769005C1767 /* AppDelegate.m in Sources */ = {isa = PBXBuildFile; fileRef = FB6888DE1A5B3769005C1767 /* AppDelegate.m */; };
		FB6888E11A5B3769005C1767 /* main.m in Sources */ = {isa = PBXBuildFile; fileRef = FB6888E01A5B3769005C1767 /* main.m */; };
		FB6888E41A5B376A005C1767 /* ViewController.m in Sources */ = {isa = PBXBuildFile; fileRef = FB6888E31A5B376A005C1767 /* ViewController.m */; };
		FB6888E61A5B376A005C1767 /* Images.xcassets in Resources */ = {isa = PBXBuildFile; fileRef = FB6888E51A5B376A005C1767 /* Images.xcassets */; };
		FB6888E91A5B376A005C1767 /* Main.storyboard in Resources */ = {isa = PBXBuildFile; fileRef = FB6888E71A5B376A005C1767 /* Main.storyboard */; };
		FB6888F51A5B376A005C1767 /* StatusBarAppTests.m in Sources */ = {isa = PBXBuildFile; fileRef = FB6888F41A5B376A005C1767 /* StatusBarAppTests.m */; };
		FBAFC61F1A614EF000FDFB15 /* AboutWController.m in Sources */ = {isa = PBXBuildFile; fileRef = FBAFC61E1A614EF000FDFB15 /* AboutWController.m */; };
		FBD0522B1A6970CE000EB3EE /* wifi.png in Resources */ = {isa = PBXBuildFile; fileRef = FBD0522A1A6970CE000EB3EE /* wifi.png */; };
		FBF9531B1A6312E60015AC62 /* NewWindowController.m in Sources */ = {isa = PBXBuildFile; fileRef = FBF953191A6312E60015AC62 /* NewWindowController.m */; };
		FBF9531C1A6312E60015AC62 /* NewWindowController.xib in Resources */ = {isa = PBXBuildFile; fileRef = FBF9531A1A6312E60015AC62 /* NewWindowController.xib */; };
/* End PBXBuildFile section */

/* Begin PBXContainerItemProxy section */
		FB6888EF1A5B376A005C1767 /* PBXContainerItemProxy */ = {
			isa = PBXContainerItemProxy;
			containerPortal = FB6888D01A5B3769005C1767 /* Project object */;
			proxyType = 1;
			remoteGlobalIDString = FB6888D71A5B3769005C1767;
			remoteInfo = StatusBarApp;
		};
/* End PBXContainerItemProxy section */

/* Begin PBXFileReference section */
		A27CAAFE1B03AF50002C6D8D /* wifi1.pdf */ = {isa = PBXFileReference; lastKnownFileType = image.pdf; path = wifi1.pdf; sourceTree = "<group>"; };
		A27CAAFF1B03AF50002C6D8D /* wifi2.pdf */ = {isa = PBXFileReference; lastKnownFileType = image.pdf; path = wifi2.pdf; sourceTree = "<group>"; };
		A27CAB001B03AF50002C6D8D /* wifi3.pdf */ = {isa = PBXFileReference; lastKnownFileType = image.pdf; path = wifi3.pdf; sourceTree = "<group>"; };
		FB6888D81A5B3769005C1767 /* WiFiName.app */ = {isa = PBXFileReference; explicitFileType = wrapper.application; includeInIndex = 0; path = WiFiName.app; sourceTree = BUILT_PRODUCTS_DIR; };
		FB6888DC1A5B3769005C1767 /* Info.plist */ = {isa = PBXFileReference; lastKnownFileType = text.plist.xml; path = Info.plist; sourceTree = "<group>"; };
		FB6888DD1A5B3769005C1767 /* AppDelegate.h */ = {isa = PBXFileReference; lastKnownFileType = sourcecode.c.h; path = AppDelegate.h; sourceTree = "<group>"; };
		FB6888DE1A5B3769005C1767 /* AppDelegate.m */ = {isa = PBXFileReference; lastKnownFileType = sourcecode.c.objc; path = AppDelegate.m; sourceTree = "<group>"; };
		FB6888E01A5B3769005C1767 /* main.m */ = {isa = PBXFileReference; lastKnownFileType = sourcecode.c.objc; path = main.m; sourceTree = "<group>"; };
		FB6888E21A5B3769005C1767 /* ViewController.h */ = {isa = PBXFileReference; lastKnownFileType = sourcecode.c.h; path = ViewController.h; sourceTree = "<group>"; };
		FB6888E31A5B376A005C1767 /* ViewController.m */ = {isa = PBXFileReference; lastKnownFileType = sourcecode.c.objc; path = ViewController.m; sourceTree = "<group>"; };
		FB6888E51A5B376A005C1767 /* Images.xcassets */ = {isa = PBXFileReference; lastKnownFileType = folder.assetcatalog; path = Images.xcassets; sourceTree = "<group>"; };
		FB6888E81A5B376A005C1767 /* Base */ = {isa = PBXFileReference; lastKnownFileType = file.storyboard; name = Base; path = Base.lproj/Main.storyboard; sourceTree = "<group>"; };
		FB6888EE1A5B376A005C1767 /* WiFiNameTests.xctest */ = {isa = PBXFileReference; explicitFileType = wrapper.cfbundle; includeInIndex = 0; path = WiFiNameTests.xctest; sourceTree = BUILT_PRODUCTS_DIR; };
		FB6888F31A5B376A005C1767 /* Info.plist */ = {isa = PBXFileReference; lastKnownFileType = text.plist.xml; path = Info.plist; sourceTree = "<group>"; };
		FB6888F41A5B376A005C1767 /* StatusBarAppTests.m */ = {isa = PBXFileReference; lastKnownFileType = sourcecode.c.objc; path = StatusBarAppTests.m; sourceTree = "<group>"; };
		FBAFC61D1A614EF000FDFB15 /* AboutWController.h */ = {isa = PBXFileReference; fileEncoding = 4; lastKnownFileType = sourcecode.c.h; path = AboutWController.h; sourceTree = "<group>"; };
		FBAFC61E1A614EF000FDFB15 /* AboutWController.m */ = {isa = PBXFileReference; fileEncoding = 4; lastKnownFileType = sourcecode.c.objc; path = AboutWController.m; sourceTree = "<group>"; };
		FBD0522A1A6970CE000EB3EE /* wifi.png */ = {isa = PBXFileReference; lastKnownFileType = image.png; path = wifi.png; sourceTree = "<group>"; };
		FBF953181A6312E60015AC62 /* NewWindowController.h */ = {isa = PBXFileReference; fileEncoding = 4; lastKnownFileType = sourcecode.c.h; path = NewWindowController.h; sourceTree = "<group>"; };
		FBF953191A6312E60015AC62 /* NewWindowController.m */ = {isa = PBXFileReference; fileEncoding = 4; lastKnownFileType = sourcecode.c.objc; path = NewWindowController.m; sourceTree = "<group>"; };
		FBF9531A1A6312E60015AC62 /* NewWindowController.xib */ = {isa = PBXFileReference; fileEncoding = 4; lastKnownFileType = file.xib; path = NewWindowController.xib; sourceTree = "<group>"; };
/* End PBXFileReference section */

/* Begin PBXFrameworksBuildPhase section */
		FB6888D51A5B3769005C1767 /* Frameworks */ = {
			isa = PBXFrameworksBuildPhase;
			buildActionMask = 2147483647;
			files = (
			);
			runOnlyForDeploymentPostprocessing = 0;
		};
		FB6888EB1A5B376A005C1767 /* Frameworks */ = {
			isa = PBXFrameworksBuildPhase;
			buildActionMask = 2147483647;
			files = (
			);
			runOnlyForDeploymentPostprocessing = 0;
		};
/* End PBXFrameworksBuildPhase section */

/* Begin PBXGroup section */
		FB6888CF1A5B3769005C1767 = {
			isa = PBXGroup;
			children = (
				FBF953181A6312E60015AC62 /* NewWindowController.h */,
				FBD0522A1A6970CE000EB3EE /* wifi.png */,
				FBF953191A6312E60015AC62 /* NewWindowController.m */,
				A27CAAFE1B03AF50002C6D8D /* wifi1.pdf */,
				A27CAAFF1B03AF50002C6D8D /* wifi2.pdf */,
				A27CAB001B03AF50002C6D8D /* wifi3.pdf */,
				FBF9531A1A6312E60015AC62 /* NewWindowController.xib */,
				FB6888DA1A5B3769005C1767 /* StatusBarApp */,
				FB6888F11A5B376A005C1767 /* StatusBarAppTests */,
				FB6888D91A5B3769005C1767 /* Products */,
			);
			sourceTree = "<group>";
		};
		FB6888D91A5B3769005C1767 /* Products */ = {
			isa = PBXGroup;
			children = (
				FB6888D81A5B3769005C1767 /* WiFiName.app */,
				FB6888EE1A5B376A005C1767 /* WiFiNameTests.xctest */,
			);
			name = Products;
			sourceTree = "<group>";
		};
		FB6888DA1A5B3769005C1767 /* StatusBarApp */ = {
			isa = PBXGroup;
			children = (
				FB6888DD1A5B3769005C1767 /* AppDelegate.h */,
				FB6888DE1A5B3769005C1767 /* AppDelegate.m */,
				FB6888E21A5B3769005C1767 /* ViewController.h */,
				FB6888E31A5B376A005C1767 /* ViewController.m */,
				FB6888E51A5B376A005C1767 /* Images.xcassets */,
				FB6888E71A5B376A005C1767 /* Main.storyboard */,
				FB6888DB1A5B3769005C1767 /* Supporting Files */,
				FBAFC61D1A614EF000FDFB15 /* AboutWController.h */,
				FBAFC61E1A614EF000FDFB15 /* AboutWController.m */,
			);
			path = StatusBarApp;
			sourceTree = "<group>";
		};
		FB6888DB1A5B3769005C1767 /* Supporting Files */ = {
			isa = PBXGroup;
			children = (
				FB6888DC1A5B3769005C1767 /* Info.plist */,
				FB6888E01A5B3769005C1767 /* main.m */,
			);
			name = "Supporting Files";
			sourceTree = "<group>";
		};
		FB6888F11A5B376A005C1767 /* StatusBarAppTests */ = {
			isa = PBXGroup;
			children = (
				FB6888F41A5B376A005C1767 /* StatusBarAppTests.m */,
				FB6888F21A5B376A005C1767 /* Supporting Files */,
			);
			path = StatusBarAppTests;
			sourceTree = "<group>";
		};
		FB6888F21A5B376A005C1767 /* Supporting Files */ = {
			isa = PBXGroup;
			children = (
				FB6888F31A5B376A005C1767 /* Info.plist */,
			);
			name = "Supporting Files";
			sourceTree = "<group>";
		};
/* End PBXGroup section */

/* Begin PBXNativeTarget section */
		FB6888D71A5B3769005C1767 /* WiFiName */ = {
			isa = PBXNativeTarget;
			buildConfigurationList = FB6888F81A5B376A005C1767 /* Build configuration list for PBXNativeTarget "WiFiName" */;
			buildPhases = (
				FB6888D41A5B3769005C1767 /* Sources */,
				FB6888D51A5B3769005C1767 /* Frameworks */,
				FB6888D61A5B3769005C1767 /* Resources */,
			);
			buildRules = (
			);
			dependencies = (
			);
			name = WiFiName;
			productName = StatusBarApp;
			productReference = FB6888D81A5B3769005C1767 /* WiFiName.app */;
			productType = "com.apple.product-type.application";
		};
		FB6888ED1A5B376A005C1767 /* WiFiNameTests */ = {
			isa = PBXNativeTarget;
			buildConfigurationList = FB6888FB1A5B376A005C1767 /* Build configuration list for PBXNativeTarget "WiFiNameTests" */;
			buildPhases = (
				FB6888EA1A5B376A005C1767 /* Sources */,
				FB6888EB1A5B376A005C1767 /* Frameworks */,
				FB6888EC1A5B376A005C1767 /* Resources */,
			);
			buildRules = (
			);
			dependencies = (
				FB6888F01A5B376A005C1767 /* PBXTargetDependency */,
			);
			name = WiFiNameTests;
			productName = StatusBarAppTests;
			productReference = FB6888EE1A5B376A005C1767 /* WiFiNameTests.xctest */;
			productType = "com.apple.product-type.bundle.unit-test";
		};
/* End PBXNativeTarget section */

/* Begin PBXProject section */
		FB6888D01A5B3769005C1767 /* Project object */ = {
			isa = PBXProject;
			attributes = {
				LastUpgradeCheck = 0610;
				ORGANIZATIONNAME = "Fabrizio Demaria";
				TargetAttributes = {
					FB6888D71A5B3769005C1767 = {
						CreatedOnToolsVersion = 6.1.1;
					};
					FB6888ED1A5B376A005C1767 = {
						CreatedOnToolsVersion = 6.1.1;
						TestTargetID = FB6888D71A5B3769005C1767;
					};
				};
			};
			buildConfigurationList = FB6888D31A5B3769005C1767 /* Build configuration list for PBXProject "WiFiName" */;
			compatibilityVersion = "Xcode 3.2";
			developmentRegion = English;
			hasScannedForEncodings = 0;
			knownRegions = (
				en,
				Base,
			);
			mainGroup = FB6888CF1A5B3769005C1767;
			productRefGroup = FB6888D91A5B3769005C1767 /* Products */;
			projectDirPath = "";
			projectRoot = "";
			targets = (
				FB6888D71A5B3769005C1767 /* WiFiName */,
				FB6888ED1A5B376A005C1767 /* WiFiNameTests */,
			);
		};
/* End PBXProject section */

/* Begin PBXResourcesBuildPhase section */
		FB6888D61A5B3769005C1767 /* Resources */ = {
			isa = PBXResourcesBuildPhase;
			buildActionMask = 2147483647;
			files = (
				A27CAB011B03AF50002C6D8D /* wifi1.pdf in Resources */,
				A27CAB031B03AF50002C6D8D /* wifi3.pdf in Resources */,
				FB6888E61A5B376A005C1767 /* Images.xcassets in Resources */,
				FB6888E91A5B376A005C1767 /* Main.storyboard in Resources */,
				FBD0522B1A6970CE000EB3EE /* wifi.png in Resources */,
				A27CAB021B03AF50002C6D8D /* wifi2.pdf in Resources */,
				FBF9531C1A6312E60015AC62 /* NewWindowController.xib in Resources */,
			);
			runOnlyForDeploymentPostprocessing = 0;
		};
		FB6888EC1A5B376A005C1767 /* Resources */ = {
			isa = PBXResourcesBuildPhase;
			buildActionMask = 2147483647;
			files = (
			);
			runOnlyForDeploymentPostprocessing = 0;
		};
/* End PBXResourcesBuildPhase section */

/* Begin PBXSourcesBuildPhase section */
		FB6888D41A5B3769005C1767 /* Sources */ = {
			isa = PBXSourcesBuildPhase;
			buildActionMask = 2147483647;
			files = (
				FBF9531B1A6312E60015AC62 /* NewWindowController.m in Sources */,
				FB6888E41A5B376A005C1767 /* ViewController.m in Sources */,
				FB6888E11A5B3769005C1767 /* main.m in Sources */,
				FB6888DF1A5B3769005C1767 /* AppDelegate.m in Sources */,
				FBAFC61F1A614EF000FDFB15 /* AboutWController.m in Sources */,
			);
			runOnlyForDeploymentPostprocessing = 0;
		};
		FB6888EA1A5B376A005C1767 /* Sources */ = {
			isa = PBXSourcesBuildPhase;
			buildActionMask = 2147483647;
			files = (
				FB6888F51A5B376A005C1767 /* StatusBarAppTests.m in Sources */,
			);
			runOnlyForDeploymentPostprocessing = 0;
		};
/* End PBXSourcesBuildPhase section */

/* Begin PBXTargetDependency section */
		FB6888F01A5B376A005C1767 /* PBXTargetDependency */ = {
			isa = PBXTargetDependency;
			target = FB6888D71A5B3769005C1767 /* WiFiName */;
			targetProxy = FB6888EF1A5B376A005C1767 /* PBXContainerItemProxy */;
		};
/* End PBXTargetDependency section */

/* Begin PBXVariantGroup section */
		FB6888E71A5B376A005C1767 /* Main.storyboard */ = {
			isa = PBXVariantGroup;
			children = (
				FB6888E81A5B376A005C1767 /* Base */,
			);
			name = Main.storyboard;
			sourceTree = "<group>";
		};
/* End PBXVariantGroup section */

/* Begin XCBuildConfiguration section */
		FB6888F61A5B376A005C1767 /* Debug */ = {
			isa = XCBuildConfiguration;
			buildSettings = {
				ALWAYS_SEARCH_USER_PATHS = NO;
				CLANG_CXX_LANGUAGE_STANDARD = "gnu++0x";
				CLANG_CXX_LIBRARY = "libc++";
				CLANG_ENABLE_MODULES = YES;
				CLANG_ENABLE_OBJC_ARC = YES;
				CLANG_WARN_BOOL_CONVERSION = YES;
				CLANG_WARN_CONSTANT_CONVERSION = YES;
				CLANG_WARN_DIRECT_OBJC_ISA_USAGE = YES_ERROR;
				CLANG_WARN_EMPTY_BODY = YES;
				CLANG_WARN_ENUM_CONVERSION = YES;
				CLANG_WARN_INT_CONVERSION = YES;
				CLANG_WARN_OBJC_ROOT_CLASS = YES_ERROR;
				CLANG_WARN_UNREACHABLE_CODE = YES;
				CLANG_WARN__DUPLICATE_METHOD_MATCH = YES;
				CODE_SIGN_IDENTITY = "-";
				COPY_PHASE_STRIP = NO;
				ENABLE_STRICT_OBJC_MSGSEND = YES;
				GCC_C_LANGUAGE_STANDARD = gnu99;
				GCC_DYNAMIC_NO_PIC = NO;
				GCC_OPTIMIZATION_LEVEL = 0;
				GCC_PREPROCESSOR_DEFINITIONS = (
					"DEBUG=1",
					"$(inherited)",
				);
				GCC_SYMBOLS_PRIVATE_EXTERN = NO;
				GCC_WARN_64_TO_32_BIT_CONVERSION = YES;
				GCC_WARN_ABOUT_RETURN_TYPE = YES_ERROR;
				GCC_WARN_UNDECLARED_SELECTOR = YES;
				GCC_WARN_UNINITIALIZED_AUTOS = YES_AGGRESSIVE;
				GCC_WARN_UNUSED_FUNCTION = YES;
				GCC_WARN_UNUSED_VARIABLE = YES;
				MACOSX_DEPLOYMENT_TARGET = 10.10;
				MTL_ENABLE_DEBUG_INFO = YES;
				ONLY_ACTIVE_ARCH = YES;
				SDKROOT = macosx;
			};
			name = Debug;
		};
		FB6888F71A5B376A005C1767 /* Release */ = {
			isa = XCBuildConfiguration;
			buildSettings = {
				ALWAYS_SEARCH_USER_PATHS = NO;
				CLANG_CXX_LANGUAGE_STANDARD = "gnu++0x";
				CLANG_CXX_LIBRARY = "libc++";
				CLANG_ENABLE_MODULES = YES;
				CLANG_ENABLE_OBJC_ARC = YES;
				CLANG_WARN_BOOL_CONVERSION = YES;
				CLANG_WARN_CONSTANT_CONVERSION = YES;
				CLANG_WARN_DIRECT_OBJC_ISA_USAGE = YES_ERROR;
				CLANG_WARN_EMPTY_BODY = YES;
				CLANG_WARN_ENUM_CONVERSION = YES;
				CLANG_WARN_INT_CONVERSION = YES;
				CLANG_WARN_OBJC_ROOT_CLASS = YES_ERROR;
				CLANG_WARN_UNREACHABLE_CODE = YES;
				CLANG_WARN__DUPLICATE_METHOD_MATCH = YES;
				CODE_SIGN_IDENTITY = "-";
				COPY_PHASE_STRIP = YES;
				DEBUG_INFORMATION_FORMAT = "dwarf-with-dsym";
				ENABLE_NS_ASSERTIONS = NO;
				ENABLE_STRICT_OBJC_MSGSEND = YES;
				GCC_C_LANGUAGE_STANDARD = gnu99;
				GCC_WARN_64_TO_32_BIT_CONVERSION = YES;
				GCC_WARN_ABOUT_RETURN_TYPE = YES_ERROR;
				GCC_WARN_UNDECLARED_SELECTOR = YES;
				GCC_WARN_UNINITIALIZED_AUTOS = YES_AGGRESSIVE;
				GCC_WARN_UNUSED_FUNCTION = YES;
				GCC_WARN_UNUSED_VARIABLE = YES;
				MACOSX_DEPLOYMENT_TARGET = 10.10;
				MTL_ENABLE_DEBUG_INFO = NO;
				SDKROOT = macosx;
			};
			name = Release;
		};
		FB6888F91A5B376A005C1767 /* Debug */ = {
			isa = XCBuildConfiguration;
			buildSettings = {
				ASSETCATALOG_COMPILER_APPICON_NAME = AppIcon;
				COMBINE_HIDPI_IMAGES = YES;
				INFOPLIST_FILE = StatusBarApp/Info.plist;
				LD_RUNPATH_SEARCH_PATHS = "$(inherited) @executable_path/../Frameworks";
				PRODUCT_NAME = WiFiName;
			};
			name = Debug;
		};
		FB6888FA1A5B376A005C1767 /* Release */ = {
			isa = XCBuildConfiguration;
			buildSettings = {
				ASSETCATALOG_COMPILER_APPICON_NAME = AppIcon;
				COMBINE_HIDPI_IMAGES = YES;
				INFOPLIST_FILE = StatusBarApp/Info.plist;
				LD_RUNPATH_SEARCH_PATHS = "$(inherited) @executable_path/../Frameworks";
				PRODUCT_NAME = WiFiName;
			};
			name = Release;
		};
		FB6888FC1A5B376A005C1767 /* Debug */ = {
			isa = XCBuildConfiguration;
			buildSettings = {
				BUNDLE_LOADER = "$(TEST_HOST)";
				COMBINE_HIDPI_IMAGES = YES;
				FRAMEWORK_SEARCH_PATHS = (
					"$(DEVELOPER_FRAMEWORKS_DIR)",
					"$(inherited)",
				);
				GCC_PREPROCESSOR_DEFINITIONS = (
					"DEBUG=1",
					"$(inherited)",
				);
				INFOPLIST_FILE = StatusBarAppTests/Info.plist;
				LD_RUNPATH_SEARCH_PATHS = "$(inherited) @executable_path/../Frameworks @loader_path/../Frameworks";
				PRODUCT_NAME = WiFiNameTests;
				TEST_HOST = "$(BUILT_PRODUCTS_DIR)/WiFiName.app/Contents/MacOS/WiFiName";
			};
			name = Debug;
		};
		FB6888FD1A5B376A005C1767 /* Release */ = {
			isa = XCBuildConfiguration;
			buildSettings = {
				BUNDLE_LOADER = "$(TEST_HOST)";
				COMBINE_HIDPI_IMAGES = YES;
				FRAMEWORK_SEARCH_PATHS = (
					"$(DEVELOPER_FRAMEWORKS_DIR)",
					"$(inherited)",
				);
				INFOPLIST_FILE = StatusBarAppTests/Info.plist;
				LD_RUNPATH_SEARCH_PATHS = "$(inherited) @executable_path/../Frameworks @loader_path/../Frameworks";
				PRODUCT_NAME = WiFiNameTests;
				TEST_HOST = "$(BUILT_PRODUCTS_DIR)/WiFiName.app/Contents/MacOS/WiFiName";
			};
			name = Release;
		};
/* End XCBuildConfiguration section */

/* Begin XCConfigurationList section */
		FB6888D31A5B3769005C1767 /* Build configuration list for PBXProject "WiFiName" */ = {
			isa = XCConfigurationList;
			buildConfigurations = (
				FB6888F61A5B376A005C1767 /* Debug */,
				FB6888F71A5B376A005C1767 /* Release */,
			);
			defaultConfigurationIsVisible = 0;
			defaultConfigurationName = Release;
		};
		FB6888F81A5B376A005C1767 /* Build configuration list for PBXNativeTarget "WiFiName" */ = {
			isa = XCConfigurationList;
			buildConfigurations = (
				FB6888F91A5B376A005C1767 /* Debug */,
				FB6888FA1A5B376A005C1767 /* Release */,
			);
			defaultConfigurationIsVisible = 0;
			defaultConfigurationName = Release;
		};
		FB6888FB1A5B376A005C1767 /* Build configuration list for PBXNativeTarget "WiFiNameTests" */ = {
			isa = XCConfigurationList;
			buildConfigurations = (
				FB6888FC1A5B376A005C1767 /* Debug */,
				FB6888FD1A5B376A005C1767 /* Release */,
			);
			defaultConfigurationIsVisible = 0;
			defaultConfigurationName = Release;
		};
/* End XCConfigurationList section */
	};
	rootObject = FB6888D01A5B3769005C1767 /* Project object */;
}
